
Microsoft Visual Studio Solution File, Format Version 12.00
# Visual Studio Version 17
VisualStudioVersion = 17.3.32901.215
MinimumVisualStudioVersion = 10.0.40219.1
Project("{FAE04EC0-301F-11D3-BF4B-00C04F79EFBC}") = "How to use if else statement", "How to use if else statement\How to use if else statement.csproj", "{67A954B4-A758-4666-82F9-2191E3FEBEC6}"
EndProject
Global
	GlobalSection(SolutionConfigurationPlatforms) = preSolution
		Debug|Any CPU = Debug|Any CPU
		Release|Any CPU = Release|Any CPU
	EndGlobalSection
	GlobalSection(ProjectConfigurationPlatforms) = postSolution
		{67A954B4-A758-4666-82F9-2191E3FEBEC6}.Debug|Any CPU.ActiveCfg = Debug|Any CPU
		{67A954B4-A758-4666-82F9-2191E3FEBEC6}.Debug|Any CPU.Build.0 = Debug|Any CPU
		{67A954B4-A758-4666-82F9-2191E3FEBEC6}.Release|Any CPU.ActiveCfg = Release|Any CPU
		{67A954B4-A758-4666-82F9-2191E3FEBEC6}.Release|Any CPU.Build.0 = Release|Any CPU
	EndGlobalSection
	GlobalSection(SolutionProperties) = preSolution
		HideSolutionNode = FALSE
	EndGlobalSection
	GlobalSection(ExtensibilityGlobals) = postSolution
		SolutionGuid = {D606BDD8-AB1D-4D0A-A011-D38A1FF6C712}
	EndGlobalSection
EndGlobal
