
Microsoft Visual Studio Solution File, Format Version 12.00
# Visual Studio Version 17
VisualStudioVersion = 17.3.32901.215
MinimumVisualStudioVersion = 10.0.40219.1
Project("{FAE04EC0-301F-11D3-BF4B-00C04F79EFBC}") = "Multiplication table using a do while loop", "Multiplication table using a do while loop\Multiplication table using a do while loop.csproj", "{B00483BD-01DD-41D2-B496-919ED2788C05}"
EndProject
Global
	GlobalSection(SolutionConfigurationPlatforms) = preSolution
		Debug|Any CPU = Debug|Any CPU
		Release|Any CPU = Release|Any CPU
	EndGlobalSection
	GlobalSection(ProjectConfigurationPlatforms) = postSolution
		{B00483BD-01DD-41D2-B496-919ED2788C05}.Debug|Any CPU.ActiveCfg = Debug|Any CPU
		{B00483BD-01DD-41D2-B496-919ED2788C05}.Debug|Any CPU.Build.0 = Debug|Any CPU
		{B00483BD-01DD-41D2-B496-919ED2788C05}.Release|Any CPU.ActiveCfg = Release|Any CPU
		{B00483BD-01DD-41D2-B496-919ED2788C05}.Release|Any CPU.Build.0 = Release|Any CPU
	EndGlobalSection
	GlobalSection(SolutionProperties) = preSolution
		HideSolutionNode = FALSE
	EndGlobalSection
	GlobalSection(ExtensibilityGlobals) = postSolution
		SolutionGuid = {A10552EE-9C1B-4242-BFB9-CB2FF0E4225B}
	EndGlobalSection
EndGlobal
