
Microsoft Visual Studio Solution File, Format Version 12.00
# Visual Studio Version 17
VisualStudioVersion = 17.1.32407.343
MinimumVisualStudioVersion = 10.0.40219.1
Project("{FAE04EC0-301F-11D3-BF4B-00C04F79EFBC}") = "Continue Statement", "Continue Statement\Continue Statement.csproj", "{4F273D98-6450-4B6A-B4B5-9B6E9A4CB794}"
EndProject
Global
	GlobalSection(SolutionConfigurationPlatforms) = preSolution
		Debug|Any CPU = Debug|Any CPU
		Release|Any CPU = Release|Any CPU
	EndGlobalSection
	GlobalSection(ProjectConfigurationPlatforms) = postSolution
		{4F273D98-6450-4B6A-B4B5-9B6E9A4CB794}.Debug|Any CPU.ActiveCfg = Debug|Any CPU
		{4F273D98-6450-4B6A-B4B5-9B6E9A4CB794}.Debug|Any CPU.Build.0 = Debug|Any CPU
		{4F273D98-6450-4B6A-B4B5-9B6E9A4CB794}.Release|Any CPU.ActiveCfg = Release|Any CPU
		{4F273D98-6450-4B6A-B4B5-9B6E9A4CB794}.Release|Any CPU.Build.0 = Release|Any CPU
	EndGlobalSection
	GlobalSection(SolutionProperties) = preSolution
		HideSolutionNode = FALSE
	EndGlobalSection
	GlobalSection(ExtensibilityGlobals) = postSolution
		SolutionGuid = {483C771B-F218-4540-8CAB-FB668BC872BF}
	EndGlobalSection
EndGlobal
