
Microsoft Visual Studio Solution File, Format Version 12.00
# Visual Studio Version 17
VisualStudioVersion = 17.1.32407.343
MinimumVisualStudioVersion = 10.0.40219.1
Project("{FAE04EC0-301F-11D3-BF4B-00C04F79EFBC}") = "Substrings", "Substrings\Substrings.csproj", "{DE3D4052-47EE-4CA9-954E-9E0702707A7C}"
EndProject
Global
	GlobalSection(SolutionConfigurationPlatforms) = preSolution
		Debug|Any CPU = Debug|Any CPU
		Release|Any CPU = Release|Any CPU
	EndGlobalSection
	GlobalSection(ProjectConfigurationPlatforms) = postSolution
		{DE3D4052-47EE-4CA9-954E-9E0702707A7C}.Debug|Any CPU.ActiveCfg = Debug|Any CPU
		{DE3D4052-47EE-4CA9-954E-9E0702707A7C}.Debug|Any CPU.Build.0 = Debug|Any CPU
		{DE3D4052-47EE-4CA9-954E-9E0702707A7C}.Release|Any CPU.ActiveCfg = Release|Any CPU
		{DE3D4052-47EE-4CA9-954E-9E0702707A7C}.Release|Any CPU.Build.0 = Release|Any CPU
	EndGlobalSection
	GlobalSection(SolutionProperties) = preSolution
		HideSolutionNode = FALSE
	EndGlobalSection
	GlobalSection(ExtensibilityGlobals) = postSolution
		SolutionGuid = {FA967458-BA52-4AA1-86AB-E3DB0DEB249F}
	EndGlobalSection
EndGlobal
