
Microsoft Visual Studio Solution File, Format Version 12.00
# Visual Studio Version 17
VisualStudioVersion = 17.1.32407.343
MinimumVisualStudioVersion = 10.0.40219.1
Project("{FAE04EC0-301F-11D3-BF4B-00C04F79EFBC}") = "File Input and Output", "File Input and Output\File Input and Output.csproj", "{07FA3E67-CEBF-429C-8CC5-E18749B32641}"
EndProject
Global
	GlobalSection(SolutionConfigurationPlatforms) = preSolution
		Debug|Any CPU = Debug|Any CPU
		Release|Any CPU = Release|Any CPU
	EndGlobalSection
	GlobalSection(ProjectConfigurationPlatforms) = postSolution
		{07FA3E67-CEBF-429C-8CC5-E18749B32641}.Debug|Any CPU.ActiveCfg = Debug|Any CPU
		{07FA3E67-CEBF-429C-8CC5-E18749B32641}.Debug|Any CPU.Build.0 = Debug|Any CPU
		{07FA3E67-CEBF-429C-8CC5-E18749B32641}.Release|Any CPU.ActiveCfg = Release|Any CPU
		{07FA3E67-CEBF-429C-8CC5-E18749B32641}.Release|Any CPU.Build.0 = Release|Any CPU
	EndGlobalSection
	GlobalSection(SolutionProperties) = preSolution
		HideSolutionNode = FALSE
	EndGlobalSection
	GlobalSection(ExtensibilityGlobals) = postSolution
		SolutionGuid = {CA77FDED-6C88-4D01-BACB-EA3A5678D3C0}
	EndGlobalSection
EndGlobal
