
Microsoft Visual Studio Solution File, Format Version 12.00
# Visual Studio Version 17
VisualStudioVersion = 17.1.32407.343
MinimumVisualStudioVersion = 10.0.40219.1
Project("{FAE04EC0-301F-11D3-BF4B-00C04F79EFBC}") = "Call Methods With Different Classes", "Call Methods With Different Classes\Call Methods With Different Classes.csproj", "{EE887FA8-5410-44C7-A504-56B5B197A4F4}"
EndProject
Global
	GlobalSection(SolutionConfigurationPlatforms) = preSolution
		Debug|Any CPU = Debug|Any CPU
		Release|Any CPU = Release|Any CPU
	EndGlobalSection
	GlobalSection(ProjectConfigurationPlatforms) = postSolution
		{EE887FA8-5410-44C7-A504-56B5B197A4F4}.Debug|Any CPU.ActiveCfg = Debug|Any CPU
		{EE887FA8-5410-44C7-A504-56B5B197A4F4}.Debug|Any CPU.Build.0 = Debug|Any CPU
		{EE887FA8-5410-44C7-A504-56B5B197A4F4}.Release|Any CPU.ActiveCfg = Release|Any CPU
		{EE887FA8-5410-44C7-A504-56B5B197A4F4}.Release|Any CPU.Build.0 = Release|Any CPU
	EndGlobalSection
	GlobalSection(SolutionProperties) = preSolution
		HideSolutionNode = FALSE
	EndGlobalSection
	GlobalSection(ExtensibilityGlobals) = postSolution
		SolutionGuid = {F4703E98-3069-48CD-AAC8-551A6AAC2FBD}
	EndGlobalSection
EndGlobal
