
Microsoft Visual Studio Solution File, Format Version 12.00
# Visual Studio Version 17
VisualStudioVersion = 17.1.32407.343
MinimumVisualStudioVersion = 10.0.40219.1
Project("{FAE04EC0-301F-11D3-BF4B-00C04F79EFBC}") = "Comments", "Comments\Comments.csproj", "{246841BA-E447-4872-93DD-0AB1F464FFD1}"
EndProject
Global
	GlobalSection(SolutionConfigurationPlatforms) = preSolution
		Debug|Any CPU = Debug|Any CPU
		Release|Any CPU = Release|Any CPU
	EndGlobalSection
	GlobalSection(ProjectConfigurationPlatforms) = postSolution
		{246841BA-E447-4872-93DD-0AB1F464FFD1}.Debug|Any CPU.ActiveCfg = Debug|Any CPU
		{246841BA-E447-4872-93DD-0AB1F464FFD1}.Debug|Any CPU.Build.0 = Debug|Any CPU
		{246841BA-E447-4872-93DD-0AB1F464FFD1}.Release|Any CPU.ActiveCfg = Release|Any CPU
		{246841BA-E447-4872-93DD-0AB1F464FFD1}.Release|Any CPU.Build.0 = Release|Any CPU
	EndGlobalSection
	GlobalSection(SolutionProperties) = preSolution
		HideSolutionNode = FALSE
	EndGlobalSection
	GlobalSection(ExtensibilityGlobals) = postSolution
		SolutionGuid = {94FDAD7E-4FF3-4A4F-8316-7F034ABDB060}
	EndGlobalSection
EndGlobal
