
Microsoft Visual Studio Solution File, Format Version 12.00
# Visual Studio Version 17
VisualStudioVersion = 17.3.32901.215
MinimumVisualStudioVersion = 10.0.40219.1
Project("{FAE04EC0-301F-11D3-BF4B-00C04F79EFBC}") = "How to check for Armstrong numbers", "How to check for Armstrong numbers\How to check for Armstrong numbers.csproj", "{7BCCB781-4705-4A03-80EB-00DF9094F534}"
EndProject
Global
	GlobalSection(SolutionConfigurationPlatforms) = preSolution
		Debug|Any CPU = Debug|Any CPU
		Release|Any CPU = Release|Any CPU
	EndGlobalSection
	GlobalSection(ProjectConfigurationPlatforms) = postSolution
		{7BCCB781-4705-4A03-80EB-00DF9094F534}.Debug|Any CPU.ActiveCfg = Debug|Any CPU
		{7BCCB781-4705-4A03-80EB-00DF9094F534}.Debug|Any CPU.Build.0 = Debug|Any CPU
		{7BCCB781-4705-4A03-80EB-00DF9094F534}.Release|Any CPU.ActiveCfg = Release|Any CPU
		{7BCCB781-4705-4A03-80EB-00DF9094F534}.Release|Any CPU.Build.0 = Release|Any CPU
	EndGlobalSection
	GlobalSection(SolutionProperties) = preSolution
		HideSolutionNode = FALSE
	EndGlobalSection
	GlobalSection(ExtensibilityGlobals) = postSolution
		SolutionGuid = {8FE498E9-8F38-4EDA-8369-B6B17397E855}
	EndGlobalSection
EndGlobal
