
Microsoft Visual Studio Solution File, Format Version 12.00
# Visual Studio Version 17
VisualStudioVersion = 17.3.32901.215
MinimumVisualStudioVersion = 10.0.40219.1
Project("{FAE04EC0-301F-11D3-BF4B-00C04F79EFBC}") = "How to get the greatest of 3 numbers", "How to get the greatest of 3 numbers\How to get the greatest of 3 numbers.csproj", "{CAFB0675-8D48-4F1F-9B17-7E4B0747FD42}"
EndProject
Global
	GlobalSection(SolutionConfigurationPlatforms) = preSolution
		Debug|Any CPU = Debug|Any CPU
		Release|Any CPU = Release|Any CPU
	EndGlobalSection
	GlobalSection(ProjectConfigurationPlatforms) = postSolution
		{CAFB0675-8D48-4F1F-9B17-7E4B0747FD42}.Debug|Any CPU.ActiveCfg = Debug|Any CPU
		{CAFB0675-8D48-4F1F-9B17-7E4B0747FD42}.Debug|Any CPU.Build.0 = Debug|Any CPU
		{CAFB0675-8D48-4F1F-9B17-7E4B0747FD42}.Release|Any CPU.ActiveCfg = Release|Any CPU
		{CAFB0675-8D48-4F1F-9B17-7E4B0747FD42}.Release|Any CPU.Build.0 = Release|Any CPU
	EndGlobalSection
	GlobalSection(SolutionProperties) = preSolution
		HideSolutionNode = FALSE
	EndGlobalSection
	GlobalSection(ExtensibilityGlobals) = postSolution
		SolutionGuid = {95587D2C-A005-4907-9711-0389C41989EB}
	EndGlobalSection
EndGlobal
