
Microsoft Visual Studio Solution File, Format Version 12.00
# Visual Studio Version 17
VisualStudioVersion = 17.3.32901.215
MinimumVisualStudioVersion = 10.0.40219.1
Project("{FAE04EC0-301F-11D3-BF4B-00C04F79EFBC}") = "How to get factors of a number", "How to get factors of a number\How to get factors of a number.csproj", "{0ADA4482-B86B-49D0-95AF-353EE857E2E5}"
EndProject
Global
	GlobalSection(SolutionConfigurationPlatforms) = preSolution
		Debug|Any CPU = Debug|Any CPU
		Release|Any CPU = Release|Any CPU
	EndGlobalSection
	GlobalSection(ProjectConfigurationPlatforms) = postSolution
		{0ADA4482-B86B-49D0-95AF-353EE857E2E5}.Debug|Any CPU.ActiveCfg = Debug|Any CPU
		{0ADA4482-B86B-49D0-95AF-353EE857E2E5}.Debug|Any CPU.Build.0 = Debug|Any CPU
		{0ADA4482-B86B-49D0-95AF-353EE857E2E5}.Release|Any CPU.ActiveCfg = Release|Any CPU
		{0ADA4482-B86B-49D0-95AF-353EE857E2E5}.Release|Any CPU.Build.0 = Release|Any CPU
	EndGlobalSection
	GlobalSection(SolutionProperties) = preSolution
		HideSolutionNode = FALSE
	EndGlobalSection
	GlobalSection(ExtensibilityGlobals) = postSolution
		SolutionGuid = {BF98EF27-C612-472F-8970-2BCFE531639D}
	EndGlobalSection
EndGlobal
