
Microsoft Visual Studio Solution File, Format Version 12.00
# Visual Studio Version 17
VisualStudioVersion = 17.3.32901.215
MinimumVisualStudioVersion = 10.0.40219.1
Project("{FAE04EC0-301F-11D3-BF4B-00C04F79EFBC}") = "How to convert digits to text", "How to convert digits to text\How to convert digits to text.csproj", "{6EFDC1C4-0435-4956-9797-73CC0E12838D}"
EndProject
Global
	GlobalSection(SolutionConfigurationPlatforms) = preSolution
		Debug|Any CPU = Debug|Any CPU
		Release|Any CPU = Release|Any CPU
	EndGlobalSection
	GlobalSection(ProjectConfigurationPlatforms) = postSolution
		{6EFDC1C4-0435-4956-9797-73CC0E12838D}.Debug|Any CPU.ActiveCfg = Debug|Any CPU
		{6EFDC1C4-0435-4956-9797-73CC0E12838D}.Debug|Any CPU.Build.0 = Debug|Any CPU
		{6EFDC1C4-0435-4956-9797-73CC0E12838D}.Release|Any CPU.ActiveCfg = Release|Any CPU
		{6EFDC1C4-0435-4956-9797-73CC0E12838D}.Release|Any CPU.Build.0 = Release|Any CPU
	EndGlobalSection
	GlobalSection(SolutionProperties) = preSolution
		HideSolutionNode = FALSE
	EndGlobalSection
	GlobalSection(ExtensibilityGlobals) = postSolution
		SolutionGuid = {56A1475E-12F0-4E62-A966-115021A240AC}
	EndGlobalSection
EndGlobal
