
Microsoft Visual Studio Solution File, Format Version 12.00
# Visual Studio Version 17
VisualStudioVersion = 17.3.32901.215
MinimumVisualStudioVersion = 10.0.40219.1
Project("{FAE04EC0-301F-11D3-BF4B-00C04F79EFBC}") = "How to add 2 binary numbers", "How to add 2 binary numbers\How to add 2 binary numbers.csproj", "{0839BC51-29F8-4D02-924A-56AC49B3F05A}"
EndProject
Global
	GlobalSection(SolutionConfigurationPlatforms) = preSolution
		Debug|Any CPU = Debug|Any CPU
		Release|Any CPU = Release|Any CPU
	EndGlobalSection
	GlobalSection(ProjectConfigurationPlatforms) = postSolution
		{0839BC51-29F8-4D02-924A-56AC49B3F05A}.Debug|Any CPU.ActiveCfg = Debug|Any CPU
		{0839BC51-29F8-4D02-924A-56AC49B3F05A}.Debug|Any CPU.Build.0 = Debug|Any CPU
		{0839BC51-29F8-4D02-924A-56AC49B3F05A}.Release|Any CPU.ActiveCfg = Release|Any CPU
		{0839BC51-29F8-4D02-924A-56AC49B3F05A}.Release|Any CPU.Build.0 = Release|Any CPU
	EndGlobalSection
	GlobalSection(SolutionProperties) = preSolution
		HideSolutionNode = FALSE
	EndGlobalSection
	GlobalSection(ExtensibilityGlobals) = postSolution
		SolutionGuid = {DB2E5DED-7D1D-400D-821C-6ED688A32D9F}
	EndGlobalSection
EndGlobal
