
Microsoft Visual Studio Solution File, Format Version 12.00
# Visual Studio Version 17
VisualStudioVersion = 17.1.32407.343
MinimumVisualStudioVersion = 10.0.40219.1
Project("{FAE04EC0-301F-11D3-BF4B-00C04F79EFBC}") = "Classes", "Classes\Classes.csproj", "{1BB2880D-E810-4D50-9C20-526D8A958AEF}"
EndProject
Global
	GlobalSection(SolutionConfigurationPlatforms) = preSolution
		Debug|Any CPU = Debug|Any CPU
		Release|Any CPU = Release|Any CPU
	EndGlobalSection
	GlobalSection(ProjectConfigurationPlatforms) = postSolution
		{1BB2880D-E810-4D50-9C20-526D8A958AEF}.Debug|Any CPU.ActiveCfg = Debug|Any CPU
		{1BB2880D-E810-4D50-9C20-526D8A958AEF}.Debug|Any CPU.Build.0 = Debug|Any CPU
		{1BB2880D-E810-4D50-9C20-526D8A958AEF}.Release|Any CPU.ActiveCfg = Release|Any CPU
		{1BB2880D-E810-4D50-9C20-526D8A958AEF}.Release|Any CPU.Build.0 = Release|Any CPU
	EndGlobalSection
	GlobalSection(SolutionProperties) = preSolution
		HideSolutionNode = FALSE
	EndGlobalSection
	GlobalSection(ExtensibilityGlobals) = postSolution
		SolutionGuid = {024883FB-9934-47A6-B48C-3EE85D4628B7}
	EndGlobalSection
EndGlobal
