
Microsoft Visual Studio Solution File, Format Version 12.00
# Visual Studio Version 17
VisualStudioVersion = 17.1.32407.343
MinimumVisualStudioVersion = 10.0.40219.1
Project("{FAE04EC0-301F-11D3-BF4B-00C04F79EFBC}") = "User Input", "User Input\User Input.csproj", "{0D86E6B3-0305-4EC8-BC19-64E092823265}"
EndProject
Global
	GlobalSection(SolutionConfigurationPlatforms) = preSolution
		Debug|Any CPU = Debug|Any CPU
		Release|Any CPU = Release|Any CPU
	EndGlobalSection
	GlobalSection(ProjectConfigurationPlatforms) = postSolution
		{0D86E6B3-0305-4EC8-BC19-64E092823265}.Debug|Any CPU.ActiveCfg = Debug|Any CPU
		{0D86E6B3-0305-4EC8-BC19-64E092823265}.Debug|Any CPU.Build.0 = Debug|Any CPU
		{0D86E6B3-0305-4EC8-BC19-64E092823265}.Release|Any CPU.ActiveCfg = Release|Any CPU
		{0D86E6B3-0305-4EC8-BC19-64E092823265}.Release|Any CPU.Build.0 = Release|Any CPU
	EndGlobalSection
	GlobalSection(SolutionProperties) = preSolution
		HideSolutionNode = FALSE
	EndGlobalSection
	GlobalSection(ExtensibilityGlobals) = postSolution
		SolutionGuid = {CD595985-3EA1-4E47-A10E-56E0F01721C8}
	EndGlobalSection
EndGlobal
