
Microsoft Visual Studio Solution File, Format Version 12.00
# Visual Studio Version 17
VisualStudioVersion = 17.3.32901.215
MinimumVisualStudioVersion = 10.0.40219.1
Project("{FAE04EC0-301F-11D3-BF4B-00C04F79EFBC}") = "How to sum 1-n numbers", "How to sum 1-n numbers\How to sum 1-n numbers.csproj", "{BCF60F7F-42BD-49C9-86B2-2EBB3A25D196}"
EndProject
Global
	GlobalSection(SolutionConfigurationPlatforms) = preSolution
		Debug|Any CPU = Debug|Any CPU
		Release|Any CPU = Release|Any CPU
	EndGlobalSection
	GlobalSection(ProjectConfigurationPlatforms) = postSolution
		{BCF60F7F-42BD-49C9-86B2-2EBB3A25D196}.Debug|Any CPU.ActiveCfg = Debug|Any CPU
		{BCF60F7F-42BD-49C9-86B2-2EBB3A25D196}.Debug|Any CPU.Build.0 = Debug|Any CPU
		{BCF60F7F-42BD-49C9-86B2-2EBB3A25D196}.Release|Any CPU.ActiveCfg = Release|Any CPU
		{BCF60F7F-42BD-49C9-86B2-2EBB3A25D196}.Release|Any CPU.Build.0 = Release|Any CPU
	EndGlobalSection
	GlobalSection(SolutionProperties) = preSolution
		HideSolutionNode = FALSE
	EndGlobalSection
	GlobalSection(ExtensibilityGlobals) = postSolution
		SolutionGuid = {DE68C891-91E0-4835-A8C4-01E98B77BCB9}
	EndGlobalSection
EndGlobal
