
Microsoft Visual Studio Solution File, Format Version 12.00
# Visual Studio Version 17
VisualStudioVersion = 17.3.32901.215
MinimumVisualStudioVersion = 10.0.40219.1
Project("{FAE04EC0-301F-11D3-BF4B-00C04F79EFBC}") = "How to get square root", "How to get square root\How to get square root.csproj", "{CAA6B9CE-60B7-4BFB-B012-4C886CC00591}"
EndProject
Global
	GlobalSection(SolutionConfigurationPlatforms) = preSolution
		Debug|Any CPU = Debug|Any CPU
		Release|Any CPU = Release|Any CPU
	EndGlobalSection
	GlobalSection(ProjectConfigurationPlatforms) = postSolution
		{CAA6B9CE-60B7-4BFB-B012-4C886CC00591}.Debug|Any CPU.ActiveCfg = Debug|Any CPU
		{CAA6B9CE-60B7-4BFB-B012-4C886CC00591}.Debug|Any CPU.Build.0 = Debug|Any CPU
		{CAA6B9CE-60B7-4BFB-B012-4C886CC00591}.Release|Any CPU.ActiveCfg = Release|Any CPU
		{CAA6B9CE-60B7-4BFB-B012-4C886CC00591}.Release|Any CPU.Build.0 = Release|Any CPU
	EndGlobalSection
	GlobalSection(SolutionProperties) = preSolution
		HideSolutionNode = FALSE
	EndGlobalSection
	GlobalSection(ExtensibilityGlobals) = postSolution
		SolutionGuid = {27381679-F4D3-4C7A-8F58-6B23E571CB11}
	EndGlobalSection
EndGlobal
