
Microsoft Visual Studio Solution File, Format Version 12.00
# Visual Studio Version 17
VisualStudioVersion = 17.1.32407.343
MinimumVisualStudioVersion = 10.0.40219.1
Project("{FAE04EC0-301F-11D3-BF4B-00C04F79EFBC}") = "Compare Strings", "Compare Strings\Compare Strings.csproj", "{8DABA43D-2968-4A7F-B9BE-02B9F1CD7473}"
EndProject
Global
	GlobalSection(SolutionConfigurationPlatforms) = preSolution
		Debug|Any CPU = Debug|Any CPU
		Release|Any CPU = Release|Any CPU
	EndGlobalSection
	GlobalSection(ProjectConfigurationPlatforms) = postSolution
		{8DABA43D-2968-4A7F-B9BE-02B9F1CD7473}.Debug|Any CPU.ActiveCfg = Debug|Any CPU
		{8DABA43D-2968-4A7F-B9BE-02B9F1CD7473}.Debug|Any CPU.Build.0 = Debug|Any CPU
		{8DABA43D-2968-4A7F-B9BE-02B9F1CD7473}.Release|Any CPU.ActiveCfg = Release|Any CPU
		{8DABA43D-2968-4A7F-B9BE-02B9F1CD7473}.Release|Any CPU.Build.0 = Release|Any CPU
	EndGlobalSection
	GlobalSection(SolutionProperties) = preSolution
		HideSolutionNode = FALSE
	EndGlobalSection
	GlobalSection(ExtensibilityGlobals) = postSolution
		SolutionGuid = {6AEEA988-CBDC-4373-B11F-C8DFBD6BB9E5}
	EndGlobalSection
EndGlobal
