
Microsoft Visual Studio Solution File, Format Version 12.00
# Visual Studio Version 17
VisualStudioVersion = 17.3.32901.215
MinimumVisualStudioVersion = 10.0.40219.1
Project("{FAE04EC0-301F-11D3-BF4B-00C04F79EFBC}") = "How to bubble sort array", "How to bubble sort array\How to bubble sort array.csproj", "{C52AC85C-F58E-4579-9886-BE7861BD49D0}"
EndProject
Global
	GlobalSection(SolutionConfigurationPlatforms) = preSolution
		Debug|Any CPU = Debug|Any CPU
		Release|Any CPU = Release|Any CPU
	EndGlobalSection
	GlobalSection(ProjectConfigurationPlatforms) = postSolution
		{C52AC85C-F58E-4579-9886-BE7861BD49D0}.Debug|Any CPU.ActiveCfg = Debug|Any CPU
		{C52AC85C-F58E-4579-9886-BE7861BD49D0}.Debug|Any CPU.Build.0 = Debug|Any CPU
		{C52AC85C-F58E-4579-9886-BE7861BD49D0}.Release|Any CPU.ActiveCfg = Release|Any CPU
		{C52AC85C-F58E-4579-9886-BE7861BD49D0}.Release|Any CPU.Build.0 = Release|Any CPU
	EndGlobalSection
	GlobalSection(SolutionProperties) = preSolution
		HideSolutionNode = FALSE
	EndGlobalSection
	GlobalSection(ExtensibilityGlobals) = postSolution
		SolutionGuid = {89B591A6-D0A4-46F1-A434-684DA38669C4}
	EndGlobalSection
EndGlobal
