
Microsoft Visual Studio Solution File, Format Version 12.00
# Visual Studio Version 17
VisualStudioVersion = 17.3.32901.215
MinimumVisualStudioVersion = 10.0.40219.1
Project("{FAE04EC0-301F-11D3-BF4B-00C04F79EFBC}") = "How to detect the state of a number", "How to detect the state of a number\How to detect the state of a number.csproj", "{A2CE89BF-B601-47EE-99AB-2DE753A82224}"
EndProject
Global
	GlobalSection(SolutionConfigurationPlatforms) = preSolution
		Debug|Any CPU = Debug|Any CPU
		Release|Any CPU = Release|Any CPU
	EndGlobalSection
	GlobalSection(ProjectConfigurationPlatforms) = postSolution
		{A2CE89BF-B601-47EE-99AB-2DE753A82224}.Debug|Any CPU.ActiveCfg = Debug|Any CPU
		{A2CE89BF-B601-47EE-99AB-2DE753A82224}.Debug|Any CPU.Build.0 = Debug|Any CPU
		{A2CE89BF-B601-47EE-99AB-2DE753A82224}.Release|Any CPU.ActiveCfg = Release|Any CPU
		{A2CE89BF-B601-47EE-99AB-2DE753A82224}.Release|Any CPU.Build.0 = Release|Any CPU
	EndGlobalSection
	GlobalSection(SolutionProperties) = preSolution
		HideSolutionNode = FALSE
	EndGlobalSection
	GlobalSection(ExtensibilityGlobals) = postSolution
		SolutionGuid = {A8C30AE4-880F-4B69-ADCA-337A9D425026}
	EndGlobalSection
EndGlobal
